
Microsoft Visual Studio Solution File, Format Version 11.00
# Visual C++ Express 2010
Project("{8BC9CEB8-8B4A-11D0-8D11-00A0C91BC942}") = "ogl_initialization", "ogl_initialization.vcxproj", "{25C7F053-73BC-474E-9A7C-B33A98DA53BD}"
EndProject
Global
	GlobalSection(SolutionConfigurationPlatforms) = preSolution
		Debug|Win32 = Debug|Win32
		Release|Win32 = Release|Win32
	EndGlobalSection
	GlobalSection(ProjectConfigurationPlatforms) = postSolution
		{25C7F053-73BC-474E-9A7C-B33A98DA53BD}.Debug|Win32.ActiveCfg = Debug|Win32
		{25C7F053-73BC-474E-9A7C-B33A98DA53BD}.Debug|Win32.Build.0 = Debug|Win32
		{25C7F053-73BC-474E-9A7C-B33A98DA53BD}.Release|Win32.ActiveCfg = Release|Win32
		{25C7F053-73BC-474E-9A7C-B33A98DA53BD}.Release|Win32.Build.0 = Release|Win32
	EndGlobalSection
	GlobalSection(SolutionProperties) = preSolution
		HideSolutionNode = FALSE
	EndGlobalSection
EndGlobal
